
Microsoft Visual Studio Solution File, Format Version 12.00
# Visual Studio Version 16
VisualStudioVersion = 16.0.29613.14
MinimumVisualStudioVersion = 10.0.40219.1
Project("{2150E333-8FDC-42A3-9474-1A3956D46DE8}") = "src", "src", "{8DEE8C34-C595-4821-ABB7-A79C9F4ED595}"
EndProject
Project("{2150E333-8FDC-42A3-9474-1A3956D46DE8}") = "Catalog", "Catalog", "{032277A9-10FD-4C3B-8C67-BE485285B651}"
EndProject
Project("{9A19103F-16F7-4668-BE54-9A1E7A4F7556}") = "Catalog.API", "src\Catalog\Catalog.API\Catalog.API.csproj", "{C4905495-7ADA-4C75-9AA1-5806AA0B32E9}"
EndProject
Project("{E53339B2-1760-4266-BCC7-CA923CBCF16C}") = "docker-compose", "docker-compose.dcproj", "{74C71D97-2EF4-4107-A23E-5CB426120A60}"
EndProject
Project("{2150E333-8FDC-42A3-9474-1A3956D46DE8}") = "Basket", "Basket", "{AEA9CBAC-F788-4A6D-A5B8-36B38E5F944B}"
EndProject
Project("{9A19103F-16F7-4668-BE54-9A1E7A4F7556}") = "Basket.API", "src\Basket\Basket.API\Basket.API.csproj", "{5C09FA7C-CF95-47C0-B562-AA53A7470473}"
EndProject
Project("{2150E333-8FDC-42A3-9474-1A3956D46DE8}") = "Common", "Common", "{E055D3E5-3CF7-418C-9F42-4195E2F6D994}"
EndProject
Project("{9A19103F-16F7-4668-BE54-9A1E7A4F7556}") = "EventBusRabbitMQ", "src\Common\EventBusRabbitMQ\EventBusRabbitMQ.csproj", "{59B8718C-76F1-4B17-8EEE-E9D4513C1B02}"
EndProject
Project("{2150E333-8FDC-42A3-9474-1A3956D46DE8}") = "Ordering", "Ordering", "{660C8D3B-98F0-4A23-A365-F806392F9A49}"
EndProject
Project("{9A19103F-16F7-4668-BE54-9A1E7A4F7556}") = "Ordering.API", "src\Ordering\Ordering.API\Ordering.API.csproj", "{B20DA797-402C-4666-877E-7F8C048BBD87}"
EndProject
Project("{9A19103F-16F7-4668-BE54-9A1E7A4F7556}") = "Ordering.Core", "src\Ordering\Ordering.Core\Ordering.Core.csproj", "{3748C61E-C16F-47F1-BC6D-60C9AAB520DE}"
EndProject
Project("{9A19103F-16F7-4668-BE54-9A1E7A4F7556}") = "Ordering.Infrastructure", "src\Ordering\Ordering.Infrastructure\Ordering.Infrastructure.csproj", "{A1751F98-D87D-4B5E-992F-4066F5F6F8E2}"
EndProject
Project("{9A19103F-16F7-4668-BE54-9A1E7A4F7556}") = "Ordering.Application", "src\Ordering\Ordering.Application\Ordering.Application.csproj", "{342AE396-AC70-42A3-B529-AAB6C6EDFB68}"
EndProject
Project("{2150E333-8FDC-42A3-9474-1A3956D46DE8}") = "ApiGateway", "ApiGateway", "{FF706A8D-24D6-448E-AE97-C83959391951}"
EndProject
Project("{9A19103F-16F7-4668-BE54-9A1E7A4F7556}") = "OcelotApiGateway", "src\ApiGateway\OcelotApiGateway\OcelotApiGateway.csproj", "{D357506B-28F2-45BD-A6DF-F5D245C4BF09}"
EndProject
Project("{2150E333-8FDC-42A3-9474-1A3956D46DE8}") = "WebApp", "WebApp", "{83FD7BD8-FD4A-48F3-86C6-6086382224EB}"
EndProject
Project("{9A19103F-16F7-4668-BE54-9A1E7A4F7556}") = "AspnetRunBasics", "src\WebApp\AspnetRunBasics\AspnetRunBasics.csproj", "{0E25810F-5CE9-4193-A31E-3BE92AB6DE09}"
EndProject
Global
	GlobalSection(SolutionConfigurationPlatforms) = preSolution
		Debug|Any CPU = Debug|Any CPU
		Release|Any CPU = Release|Any CPU
	EndGlobalSection
	GlobalSection(ProjectConfigurationPlatforms) = postSolution
		{C4905495-7ADA-4C75-9AA1-5806AA0B32E9}.Debug|Any CPU.ActiveCfg = Debug|Any CPU
		{C4905495-7ADA-4C75-9AA1-5806AA0B32E9}.Debug|Any CPU.Build.0 = Debug|Any CPU
		{C4905495-7ADA-4C75-9AA1-5806AA0B32E9}.Release|Any CPU.ActiveCfg = Release|Any CPU
		{C4905495-7ADA-4C75-9AA1-5806AA0B32E9}.Release|Any CPU.Build.0 = Release|Any CPU
		{74C71D97-2EF4-4107-A23E-5CB426120A60}.Debug|Any CPU.ActiveCfg = Debug|Any CPU
		{74C71D97-2EF4-4107-A23E-5CB426120A60}.Debug|Any CPU.Build.0 = Debug|Any CPU
		{74C71D97-2EF4-4107-A23E-5CB426120A60}.Release|Any CPU.ActiveCfg = Release|Any CPU
		{74C71D97-2EF4-4107-A23E-5CB426120A60}.Release|Any CPU.Build.0 = Release|Any CPU
		{5C09FA7C-CF95-47C0-B562-AA53A7470473}.Debug|Any CPU.ActiveCfg = Debug|Any CPU
		{5C09FA7C-CF95-47C0-B562-AA53A7470473}.Debug|Any CPU.Build.0 = Debug|Any CPU
		{5C09FA7C-CF95-47C0-B562-AA53A7470473}.Release|Any CPU.ActiveCfg = Release|Any CPU
		{5C09FA7C-CF95-47C0-B562-AA53A7470473}.Release|Any CPU.Build.0 = Release|Any CPU
		{59B8718C-76F1-4B17-8EEE-E9D4513C1B02}.Debug|Any CPU.ActiveCfg = Debug|Any CPU
		{59B8718C-76F1-4B17-8EEE-E9D4513C1B02}.Debug|Any CPU.Build.0 = Debug|Any CPU
		{59B8718C-76F1-4B17-8EEE-E9D4513C1B02}.Release|Any CPU.ActiveCfg = Release|Any CPU
		{59B8718C-76F1-4B17-8EEE-E9D4513C1B02}.Release|Any CPU.Build.0 = Release|Any CPU
		{B20DA797-402C-4666-877E-7F8C048BBD87}.Debug|Any CPU.ActiveCfg = Debug|Any CPU
		{B20DA797-402C-4666-877E-7F8C048BBD87}.Debug|Any CPU.Build.0 = Debug|Any CPU
		{B20DA797-402C-4666-877E-7F8C048BBD87}.Release|Any CPU.ActiveCfg = Release|Any CPU
		{B20DA797-402C-4666-877E-7F8C048BBD87}.Release|Any CPU.Build.0 = Release|Any CPU
		{3748C61E-C16F-47F1-BC6D-60C9AAB520DE}.Debug|Any CPU.ActiveCfg = Debug|Any CPU
		{3748C61E-C16F-47F1-BC6D-60C9AAB520DE}.Debug|Any CPU.Build.0 = Debug|Any CPU
		{3748C61E-C16F-47F1-BC6D-60C9AAB520DE}.Release|Any CPU.ActiveCfg = Release|Any CPU
		{3748C61E-C16F-47F1-BC6D-60C9AAB520DE}.Release|Any CPU.Build.0 = Release|Any CPU
		{A1751F98-D87D-4B5E-992F-4066F5F6F8E2}.Debug|Any CPU.ActiveCfg = Debug|Any CPU
		{A1751F98-D87D-4B5E-992F-4066F5F6F8E2}.Debug|Any CPU.Build.0 = Debug|Any CPU
		{A1751F98-D87D-4B5E-992F-4066F5F6F8E2}.Release|Any CPU.ActiveCfg = Release|Any CPU
		{A1751F98-D87D-4B5E-992F-4066F5F6F8E2}.Release|Any CPU.Build.0 = Release|Any CPU
		{342AE396-AC70-42A3-B529-AAB6C6EDFB68}.Debug|Any CPU.ActiveCfg = Debug|Any CPU
		{342AE396-AC70-42A3-B529-AAB6C6EDFB68}.Debug|Any CPU.Build.0 = Debug|Any CPU
		{342AE396-AC70-42A3-B529-AAB6C6EDFB68}.Release|Any CPU.ActiveCfg = Release|Any CPU
		{342AE396-AC70-42A3-B529-AAB6C6EDFB68}.Release|Any CPU.Build.0 = Release|Any CPU
		{D357506B-28F2-45BD-A6DF-F5D245C4BF09}.Debug|Any CPU.ActiveCfg = Debug|Any CPU
		{D357506B-28F2-45BD-A6DF-F5D245C4BF09}.Debug|Any CPU.Build.0 = Debug|Any CPU
		{D357506B-28F2-45BD-A6DF-F5D245C4BF09}.Release|Any CPU.ActiveCfg = Release|Any CPU
		{D357506B-28F2-45BD-A6DF-F5D245C4BF09}.Release|Any CPU.Build.0 = Release|Any CPU
		{0E25810F-5CE9-4193-A31E-3BE92AB6DE09}.Debug|Any CPU.ActiveCfg = Debug|Any CPU
		{0E25810F-5CE9-4193-A31E-3BE92AB6DE09}.Debug|Any CPU.Build.0 = Debug|Any CPU
		{0E25810F-5CE9-4193-A31E-3BE92AB6DE09}.Release|Any CPU.ActiveCfg = Release|Any CPU
		{0E25810F-5CE9-4193-A31E-3BE92AB6DE09}.Release|Any CPU.Build.0 = Release|Any CPU
	EndGlobalSection
	GlobalSection(SolutionProperties) = preSolution
		HideSolutionNode = FALSE
	EndGlobalSection
	GlobalSection(NestedProjects) = preSolution
		{032277A9-10FD-4C3B-8C67-BE485285B651} = {8DEE8C34-C595-4821-ABB7-A79C9F4ED595}
		{C4905495-7ADA-4C75-9AA1-5806AA0B32E9} = {032277A9-10FD-4C3B-8C67-BE485285B651}
		{AEA9CBAC-F788-4A6D-A5B8-36B38E5F944B} = {8DEE8C34-C595-4821-ABB7-A79C9F4ED595}
		{5C09FA7C-CF95-47C0-B562-AA53A7470473} = {AEA9CBAC-F788-4A6D-A5B8-36B38E5F944B}
		{E055D3E5-3CF7-418C-9F42-4195E2F6D994} = {8DEE8C34-C595-4821-ABB7-A79C9F4ED595}
		{59B8718C-76F1-4B17-8EEE-E9D4513C1B02} = {E055D3E5-3CF7-418C-9F42-4195E2F6D994}
		{660C8D3B-98F0-4A23-A365-F806392F9A49} = {8DEE8C34-C595-4821-ABB7-A79C9F4ED595}
		{B20DA797-402C-4666-877E-7F8C048BBD87} = {660C8D3B-98F0-4A23-A365-F806392F9A49}
		{3748C61E-C16F-47F1-BC6D-60C9AAB520DE} = {660C8D3B-98F0-4A23-A365-F806392F9A49}
		{A1751F98-D87D-4B5E-992F-4066F5F6F8E2} = {660C8D3B-98F0-4A23-A365-F806392F9A49}
		{342AE396-AC70-42A3-B529-AAB6C6EDFB68} = {660C8D3B-98F0-4A23-A365-F806392F9A49}
		{FF706A8D-24D6-448E-AE97-C83959391951} = {8DEE8C34-C595-4821-ABB7-A79C9F4ED595}
		{D357506B-28F2-45BD-A6DF-F5D245C4BF09} = {FF706A8D-24D6-448E-AE97-C83959391951}
		{83FD7BD8-FD4A-48F3-86C6-6086382224EB} = {8DEE8C34-C595-4821-ABB7-A79C9F4ED595}
		{0E25810F-5CE9-4193-A31E-3BE92AB6DE09} = {83FD7BD8-FD4A-48F3-86C6-6086382224EB}
	EndGlobalSection
	GlobalSection(ExtensibilityGlobals) = postSolution
		SolutionGuid = {87949806-EF99-4E94-BCDC-29D9CF916E0A}
	EndGlobalSection
EndGlobal
